// !$*UTF8*$!
{
	archiveVersion = 1;
	classes = {
	};
	objectVersion = 50;
	objects = {

/* Begin PBXBuildFile section */
		5E4F4847238D8B7600E168DA /* AppDelegate.swift in Sources */ = {isa = PBXBuildFile; fileRef = 5E4F4846238D8B7600E168DA /* AppDelegate.swift */; };
		5E4F4849238D8B7600E168DA /* SceneDelegate.swift in Sources */ = {isa = PBXBuildFile; fileRef = 5E4F4848238D8B7600E168DA /* SceneDelegate.swift */; };
		5E4F484B238D8B7600E168DA /* ContentView.swift in Sources */ = {isa = PBXBuildFile; fileRef = 5E4F484A238D8B7600E168DA /* ContentView.swift */; };
		5E4F484D238D8B7A00E168DA /* Assets.xcassets in Resources */ = {isa = PBXBuildFile; fileRef = 5E4F484C238D8B7A00E168DA /* Assets.xcassets */; };
		5E4F4850238D8B7A00E168DA /* Preview Assets.xcassets in Resources */ = {isa = PBXBuildFile; fileRef = 5E4F484F238D8B7A00E168DA /* Preview Assets.xcassets */; };
		5E4F4853238D8B7A00E168DA /* LaunchScreen.storyboard in Resources */ = {isa = PBXBuildFile; fileRef = 5E4F4851238D8B7A00E168DA /* LaunchScreen.storyboard */; };
		5E4F485B238D8FBA00E168DA /* Background.swift in Sources */ = {isa = PBXBuildFile; fileRef = 5E4F485A238D8FBA00E168DA /* Background.swift */; };
		5E4F485D238D92D000E168DA /* BgItem.swift in Sources */ = {isa = PBXBuildFile; fileRef = 5E4F485C238D92D000E168DA /* BgItem.swift */; };
/* End PBXBuildFile section */

/* Begin PBXFileReference section */
		5E4F4843238D8B7600E168DA /* TestParallaxEffect.app */ = {isa = PBXFileReference; explicitFileType = wrapper.application; includeInIndex = 0; path = TestParallaxEffect.app; sourceTree = BUILT_PRODUCTS_DIR; };
		5E4F4846238D8B7600E168DA /* AppDelegate.swift */ = {isa = PBXFileReference; lastKnownFileType = sourcecode.swift; path = AppDelegate.swift; sourceTree = "<group>"; };
		5E4F4848238D8B7600E168DA /* SceneDelegate.swift */ = {isa = PBXFileReference; lastKnownFileType = sourcecode.swift; path = SceneDelegate.swift; sourceTree = "<group>"; };
		5E4F484A238D8B7600E168DA /* ContentView.swift */ = {isa = PBXFileReference; lastKnownFileType = sourcecode.swift; path = ContentView.swift; sourceTree = "<group>"; };
		5E4F484C238D8B7A00E168DA /* Assets.xcassets */ = {isa = PBXFileReference; lastKnownFileType = folder.assetcatalog; path = Assets.xcassets; sourceTree = "<group>"; };
		5E4F484F238D8B7A00E168DA /* Preview Assets.xcassets */ = {isa = PBXFileReference; lastKnownFileType = folder.assetcatalog; path = "Preview Assets.xcassets"; sourceTree = "<group>"; };
		5E4F4852238D8B7A00E168DA /* Base */ = {isa = PBXFileReference; lastKnownFileType = file.storyboard; name = Base; path = Base.lproj/LaunchScreen.storyboard; sourceTree = "<group>"; };
		5E4F4854238D8B7A00E168DA /* Info.plist */ = {isa = PBXFileReference; lastKnownFileType = text.plist.xml; path = Info.plist; sourceTree = "<group>"; };
		5E4F485A238D8FBA00E168DA /* Background.swift */ = {isa = PBXFileReference; lastKnownFileType = sourcecode.swift; path = Background.swift; sourceTree = "<group>"; };
		5E4F485C238D92D000E168DA /* BgItem.swift */ = {isa = PBXFileReference; lastKnownFileType = sourcecode.swift; path = BgItem.swift; sourceTree = "<group>"; };
/* End PBXFileReference section */

/* Begin PBXFrameworksBuildPhase section */
		5E4F4840238D8B7600E168DA /* Frameworks */ = {
			isa = PBXFrameworksBuildPhase;
			buildActionMask = 2147483647;
			files = (
			);
			runOnlyForDeploymentPostprocessing = 0;
		};
/* End PBXFrameworksBuildPhase section */

/* Begin PBXGroup section */
		5E4F483A238D8B7600E168DA = {
			isa = PBXGroup;
			children = (
				5E4F4845238D8B7600E168DA /* TestParallaxEffect */,
				5E4F4844238D8B7600E168DA /* Products */,
			);
			sourceTree = "<group>";
		};
		5E4F4844238D8B7600E168DA /* Products */ = {
			isa = PBXGroup;
			children = (
				5E4F4843238D8B7600E168DA /* TestParallaxEffect.app */,
			);
			name = Products;
			sourceTree = "<group>";
		};
		5E4F4845238D8B7600E168DA /* TestParallaxEffect */ = {
			isa = PBXGroup;
			children = (
				5E4F4846238D8B7600E168DA /* AppDelegate.swift */,
				5E4F4848238D8B7600E168DA /* SceneDelegate.swift */,
				5E4F485A238D8FBA00E168DA /* Background.swift */,
				5E4F485C238D92D000E168DA /* BgItem.swift */,
				5E4F484A238D8B7600E168DA /* ContentView.swift */,
				5E4F484C238D8B7A00E168DA /* Assets.xcassets */,
				5E4F4851238D8B7A00E168DA /* LaunchScreen.storyboard */,
				5E4F4854238D8B7A00E168DA /* Info.plist */,
				5E4F484E238D8B7A00E168DA /* Preview Content */,
			);
			path = TestParallaxEffect;
			sourceTree = "<group>";
		};
		5E4F484E238D8B7A00E168DA /* Preview Content */ = {
			isa = PBXGroup;
			children = (
				5E4F484F238D8B7A00E168DA /* Preview Assets.xcassets */,
			);
			path = "Preview Content";
			sourceTree = "<group>";
		};
/* End PBXGroup section */

/* Begin PBXNativeTarget section */
		5E4F4842238D8B7600E168DA /* TestParallaxEffect */ = {
			isa = PBXNativeTarget;
			buildConfigurationList = 5E4F4857238D8B7A00E168DA /* Build configuration list for PBXNativeTarget "TestParallaxEffect" */;
			buildPhases = (
				5E4F483F238D8B7600E168DA /* Sources */,
				5E4F4840238D8B7600E168DA /* Frameworks */,
				5E4F4841238D8B7600E168DA /* Resources */,
			);
			buildRules = (
			);
			dependencies = (
			);
			name = TestParallaxEffect;
			productName = TestParallaxEffect;
			productReference = 5E4F4843238D8B7600E168DA /* TestParallaxEffect.app */;
			productType = "com.apple.product-type.application";
		};
/* End PBXNativeTarget section */

/* Begin PBXProject section */
		5E4F483B238D8B7600E168DA /* Project object */ = {
			isa = PBXProject;
			attributes = {
				LastSwiftUpdateCheck = 1120;
				LastUpgradeCheck = 1120;
				ORGANIZATIONNAME = "Alexis Jimenez";
				TargetAttributes = {
					5E4F4842238D8B7600E168DA = {
						CreatedOnToolsVersion = 11.2.1;
					};
				};
			};
			buildConfigurationList = 5E4F483E238D8B7600E168DA /* Build configuration list for PBXProject "TestParallaxEffect" */;
			compatibilityVersion = "Xcode 9.3";
			developmentRegion = en;
			hasScannedForEncodings = 0;
			knownRegions = (
				en,
				Base,
			);
			mainGroup = 5E4F483A238D8B7600E168DA;
			productRefGroup = 5E4F4844238D8B7600E168DA /* Products */;
			projectDirPath = "";
			projectRoot = "";
			targets = (
				5E4F4842238D8B7600E168DA /* TestParallaxEffect */,
			);
		};
/* End PBXProject section */

/* Begin PBXResourcesBuildPhase section */
		5E4F4841238D8B7600E168DA /* Resources */ = {
			isa = PBXResourcesBuildPhase;
			buildActionMask = 2147483647;
			files = (
				5E4F4853238D8B7A00E168DA /* LaunchScreen.storyboard in Resources */,
				5E4F4850238D8B7A00E168DA /* Preview Assets.xcassets in Resources */,
				5E4F484D238D8B7A00E168DA /* Assets.xcassets in Resources */,
			);
			runOnlyForDeploymentPostprocessing = 0;
		};
/* End PBXResourcesBuildPhase section */

/* Begin PBXSourcesBuildPhase section */
		5E4F483F238D8B7600E168DA /* Sources */ = {
			isa = PBXSourcesBuildPhase;
			buildActionMask = 2147483647;
			files = (
				5E4F4847238D8B7600E168DA /* AppDelegate.swift in Sources */,
				5E4F4849238D8B7600E168DA /* SceneDelegate.swift in Sources */,
				5E4F485D238D92D000E168DA /* BgItem.swift in Sources */,
				5E4F484B238D8B7600E168DA /* ContentView.swift in Sources */,
				5E4F485B238D8FBA00E168DA /* Background.swift in Sources */,
			);
			runOnlyForDeploymentPostprocessing = 0;
		};
/* End PBXSourcesBuildPhase section */

/* Begin PBXVariantGroup section */
		5E4F4851238D8B7A00E168DA /* LaunchScreen.storyboard */ = {
			isa = PBXVariantGroup;
			children = (
				5E4F4852238D8B7A00E168DA /* Base */,
			);
			name = LaunchScreen.storyboard;
			sourceTree = "<group>";
		};
/* End PBXVariantGroup section */

/* Begin XCBuildConfiguration section */
		5E4F4855238D8B7A00E168DA /* Debug */ = {
			isa = XCBuildConfiguration;
			buildSettings = {
				ALWAYS_SEARCH_USER_PATHS = NO;
				CLANG_ANALYZER_NONNULL = YES;
				CLANG_ANALYZER_NUMBER_OBJECT_CONVERSION = YES_AGGRESSIVE;
				CLANG_CXX_LANGUAGE_STANDARD = "gnu++14";
				CLANG_CXX_LIBRARY = "libc++";
				CLANG_ENABLE_MODULES = YES;
				CLANG_ENABLE_OBJC_ARC = YES;
				CLANG_ENABLE_OBJC_WEAK = YES;
				CLANG_WARN_BLOCK_CAPTURE_AUTORELEASING = YES;
				CLANG_WARN_BOOL_CONVERSION = YES;
				CLANG_WARN_COMMA = YES;
				CLANG_WARN_CONSTANT_CONVERSION = YES;
				CLANG_WARN_DEPRECATED_OBJC_IMPLEMENTATIONS = YES;
				CLANG_WARN_DIRECT_OBJC_ISA_USAGE = YES_ERROR;
				CLANG_WARN_DOCUMENTATION_COMMENTS = YES;
				CLANG_WARN_EMPTY_BODY = YES;
				CLANG_WARN_ENUM_CONVERSION = YES;
				CLANG_WARN_INFINITE_RECURSION = YES;
				CLANG_WARN_INT_CONVERSION = YES;
				CLANG_WARN_NON_LITERAL_NULL_CONVERSION = YES;
				CLANG_WARN_OBJC_IMPLICIT_RETAIN_SELF = YES;
				CLANG_WARN_OBJC_LITERAL_CONVERSION = YES;
				CLANG_WARN_OBJC_ROOT_CLASS = YES_ERROR;
				CLANG_WARN_RANGE_LOOP_ANALYSIS = YES;
				CLANG_WARN_STRICT_PROTOTYPES = YES;
				CLANG_WARN_SUSPICIOUS_MOVE = YES;
				CLANG_WARN_UNGUARDED_AVAILABILITY = YES_AGGRESSIVE;
				CLANG_WARN_UNREACHABLE_CODE = YES;
				CLANG_WARN__DUPLICATE_METHOD_MATCH = YES;
				COPY_PHASE_STRIP = NO;
				DEBUG_INFORMATION_FORMAT = dwarf;
				ENABLE_STRICT_OBJC_MSGSEND = YES;
				ENABLE_TESTABILITY = YES;
				GCC_C_LANGUAGE_STANDARD = gnu11;
				GCC_DYNAMIC_NO_PIC = NO;
				GCC_NO_COMMON_BLOCKS = YES;
				GCC_OPTIMIZATION_LEVEL = 0;
				GCC_PREPROCESSOR_DEFINITIONS = (
					"DEBUG=1",
					"$(inherited)",
				);
				GCC_WARN_64_TO_32_BIT_CONVERSION = YES;
				GCC_WARN_ABOUT_RETURN_TYPE = YES_ERROR;
				GCC_WARN_UNDECLARED_SELECTOR = YES;
				GCC_WARN_UNINITIALIZED_AUTOS = YES_AGGRESSIVE;
				GCC_WARN_UNUSED_FUNCTION = YES;
				GCC_WARN_UNUSED_VARIABLE = YES;
				IPHONEOS_DEPLOYMENT_TARGET = 13.2;
				MTL_ENABLE_DEBUG_INFO = INCLUDE_SOURCE;
				MTL_FAST_MATH = YES;
				ONLY_ACTIVE_ARCH = YES;
				SDKROOT = iphoneos;
				SWIFT_ACTIVE_COMPILATION_CONDITIONS = DEBUG;
				SWIFT_OPTIMIZATION_LEVEL = "-Onone";
			};
			name = Debug;
		};
		5E4F4856238D8B7A00E168DA /* Release */ = {
			isa = XCBuildConfiguration;
			buildSettings = {
				ALWAYS_SEARCH_USER_PATHS = NO;
				CLANG_ANALYZER_NONNULL = YES;
				CLANG_ANALYZER_NUMBER_OBJECT_CONVERSION = YES_AGGRESSIVE;
				CLANG_CXX_LANGUAGE_STANDARD = "gnu++14";
				CLANG_CXX_LIBRARY = "libc++";
				CLANG_ENABLE_MODULES = YES;
				CLANG_ENABLE_OBJC_ARC = YES;
				CLANG_ENABLE_OBJC_WEAK = YES;
				CLANG_WARN_BLOCK_CAPTURE_AUTORELEASING = YES;
				CLANG_WARN_BOOL_CONVERSION = YES;
				CLANG_WARN_COMMA = YES;
				CLANG_WARN_CONSTANT_CONVERSION = YES;
				CLANG_WARN_DEPRECATED_OBJC_IMPLEMENTATIONS = YES;
				CLANG_WARN_DIRECT_OBJC_ISA_USAGE = YES_ERROR;
				CLANG_WARN_DOCUMENTATION_COMMENTS = YES;
				CLANG_WARN_EMPTY_BODY = YES;
				CLANG_WARN_ENUM_CONVERSION = YES;
				CLANG_WARN_INFINITE_RECURSION = YES;
				CLANG_WARN_INT_CONVERSION = YES;
				CLANG_WARN_NON_LITERAL_NULL_CONVERSION = YES;
				CLANG_WARN_OBJC_IMPLICIT_RETAIN_SELF = YES;
				CLANG_WARN_OBJC_LITERAL_CONVERSION = YES;
				CLANG_WARN_OBJC_ROOT_CLASS = YES_ERROR;
				CLANG_WARN_RANGE_LOOP_ANALYSIS = YES;
				CLANG_WARN_STRICT_PROTOTYPES = YES;
				CLANG_WARN_SUSPICIOUS_MOVE = YES;
				CLANG_WARN_UNGUARDED_AVAILABILITY = YES_AGGRESSIVE;
				CLANG_WARN_UNREACHABLE_CODE = YES;
				CLANG_WARN__DUPLICATE_METHOD_MATCH = YES;
				COPY_PHASE_STRIP = NO;
				DEBUG_INFORMATION_FORMAT = "dwarf-with-dsym";
				ENABLE_NS_ASSERTIONS = NO;
				ENABLE_STRICT_OBJC_MSGSEND = YES;
				GCC_C_LANGUAGE_STANDARD = gnu11;
				GCC_NO_COMMON_BLOCKS = YES;
				GCC_WARN_64_TO_32_BIT_CONVERSION = YES;
				GCC_WARN_ABOUT_RETURN_TYPE = YES_ERROR;
				GCC_WARN_UNDECLARED_SELECTOR = YES;
				GCC_WARN_UNINITIALIZED_AUTOS = YES_AGGRESSIVE;
				GCC_WARN_UNUSED_FUNCTION = YES;
				GCC_WARN_UNUSED_VARIABLE = YES;
				IPHONEOS_DEPLOYMENT_TARGET = 13.2;
				MTL_ENABLE_DEBUG_INFO = NO;
				MTL_FAST_MATH = YES;
				SDKROOT = iphoneos;
				SWIFT_COMPILATION_MODE = wholemodule;
				SWIFT_OPTIMIZATION_LEVEL = "-O";
				VALIDATE_PRODUCT = YES;
			};
			name = Release;
		};
		5E4F4858238D8B7A00E168DA /* Debug */ = {
			isa = XCBuildConfiguration;
			buildSettings = {
				ASSETCATALOG_COMPILER_APPICON_NAME = AppIcon;
				CODE_SIGN_STYLE = Automatic;
				DEVELOPMENT_ASSET_PATHS = "\"TestParallaxEffect/Preview Content\"";
				DEVELOPMENT_TEAM = 46GZDF25NV;
				ENABLE_PREVIEWS = YES;
				INFOPLIST_FILE = TestParallaxEffect/Info.plist;
				LD_RUNPATH_SEARCH_PATHS = (
					"$(inherited)",
					"@executable_path/Frameworks",
				);
				PRODUCT_BUNDLE_IDENTIFIER = com.alexis.TestParallaxEffect;
				PRODUCT_NAME = "$(TARGET_NAME)";
				SWIFT_VERSION = 5.0;
				TARGETED_DEVICE_FAMILY = "1,2";
			};
			name = Debug;
		};
		5E4F4859238D8B7A00E168DA /* Release */ = {
			isa = XCBuildConfiguration;
			buildSettings = {
				ASSETCATALOG_COMPILER_APPICON_NAME = AppIcon;
				CODE_SIGN_STYLE = Automatic;
				DEVELOPMENT_ASSET_PATHS = "\"TestParallaxEffect/Preview Content\"";
				DEVELOPMENT_TEAM = 46GZDF25NV;
				ENABLE_PREVIEWS = YES;
				INFOPLIST_FILE = TestParallaxEffect/Info.plist;
				LD_RUNPATH_SEARCH_PATHS = (
					"$(inherited)",
					"@executable_path/Frameworks",
				);
				PRODUCT_BUNDLE_IDENTIFIER = com.alexis.TestParallaxEffect;
				PRODUCT_NAME = "$(TARGET_NAME)";
				SWIFT_VERSION = 5.0;
				TARGETED_DEVICE_FAMILY = "1,2";
			};
			name = Release;
		};
/* End XCBuildConfiguration section */

/* Begin XCConfigurationList section */
		5E4F483E238D8B7600E168DA /* Build configuration list for PBXProject "TestParallaxEffect" */ = {
			isa = XCConfigurationList;
			buildConfigurations = (
				5E4F4855238D8B7A00E168DA /* Debug */,
				5E4F4856238D8B7A00E168DA /* Release */,
			);
			defaultConfigurationIsVisible = 0;
			defaultConfigurationName = Release;
		};
		5E4F4857238D8B7A00E168DA /* Build configuration list for PBXNativeTarget "TestParallaxEffect" */ = {
			isa = XCConfigurationList;
			buildConfigurations = (
				5E4F4858238D8B7A00E168DA /* Debug */,
				5E4F4859238D8B7A00E168DA /* Release */,
			);
			defaultConfigurationIsVisible = 0;
			defaultConfigurationName = Release;
		};
/* End XCConfigurationList section */
	};
	rootObject = 5E4F483B238D8B7600E168DA /* Project object */;
}
